// !$*UTF8*$!
{
	archiveVersion = 1;
	classes = {
	};
	objectVersion = 48;
	objects = {

/* Begin PBXBuildFile section */
		2A2D0F5A2045912D0067926E /* DataModel.xcdatamodeld in Sources */ = {isa = PBXBuildFile; fileRef = 2A2D0F582045912D0067926E /* DataModel.xcdatamodeld */; };
		2AD7A5D22032BA0C00E7134F /* AppDelegate.swift in Sources */ = {isa = PBXBuildFile; fileRef = 2AD7A5D12032BA0C00E7134F /* AppDelegate.swift */; };
		2AD7A5D42032BA0C00E7134F /* TodoListViewController.swift in Sources */ = {isa = PBXBuildFile; fileRef = 2AD7A5D32032BA0C00E7134F /* TodoListViewController.swift */; };
		2AD7A5D72032BA0C00E7134F /* Main.storyboard in Resources */ = {isa = PBXBuildFile; fileRef = 2AD7A5D52032BA0C00E7134F /* Main.storyboard */; };
		2AD7A5D92032BA0C00E7134F /* Assets.xcassets in Resources */ = {isa = PBXBuildFile; fileRef = 2AD7A5D82032BA0C00E7134F /* Assets.xcassets */; };
		2AD7A5DC2032BA0C00E7134F /* LaunchScreen.storyboard in Resources */ = {isa = PBXBuildFile; fileRef = 2AD7A5DA2032BA0C00E7134F /* LaunchScreen.storyboard */; };
		2AE92057205AE9F800E74B1C /* CategoryViewController.swift in Sources */ = {isa = PBXBuildFile; fileRef = 2AE92056205AE9F800E74B1C /* CategoryViewController.swift */; };
/* End PBXBuildFile section */

/* Begin PBXFileReference section */
		2A2D0F592045912D0067926E /* DataModel.xcdatamodel */ = {isa = PBXFileReference; lastKnownFileType = wrapper.xcdatamodel; path = DataModel.xcdatamodel; sourceTree = "<group>"; };
		2AD7A5CE2032BA0C00E7134F /* Todoey.app */ = {isa = PBXFileReference; explicitFileType = wrapper.application; includeInIndex = 0; path = Todoey.app; sourceTree = BUILT_PRODUCTS_DIR; };
		2AD7A5D12032BA0C00E7134F /* AppDelegate.swift */ = {isa = PBXFileReference; lastKnownFileType = sourcecode.swift; path = AppDelegate.swift; sourceTree = "<group>"; };
		2AD7A5D32032BA0C00E7134F /* TodoListViewController.swift */ = {isa = PBXFileReference; lastKnownFileType = sourcecode.swift; path = TodoListViewController.swift; sourceTree = "<group>"; };
		2AD7A5D62032BA0C00E7134F /* Base */ = {isa = PBXFileReference; lastKnownFileType = file.storyboard; name = Base; path = Base.lproj/Main.storyboard; sourceTree = "<group>"; };
		2AD7A5D82032BA0C00E7134F /* Assets.xcassets */ = {isa = PBXFileReference; lastKnownFileType = folder.assetcatalog; path = Assets.xcassets; sourceTree = "<group>"; };
		2AD7A5DB2032BA0C00E7134F /* Base */ = {isa = PBXFileReference; lastKnownFileType = file.storyboard; name = Base; path = Base.lproj/LaunchScreen.storyboard; sourceTree = "<group>"; };
		2AD7A5DD2032BA0C00E7134F /* Info.plist */ = {isa = PBXFileReference; lastKnownFileType = text.plist.xml; path = Info.plist; sourceTree = "<group>"; };
		2AE92056205AE9F800E74B1C /* CategoryViewController.swift */ = {isa = PBXFileReference; lastKnownFileType = sourcecode.swift; path = CategoryViewController.swift; sourceTree = "<group>"; };
/* End PBXFileReference section */

/* Begin PBXFrameworksBuildPhase section */
		2AD7A5CB2032BA0C00E7134F /* Frameworks */ = {
			isa = PBXFrameworksBuildPhase;
			buildActionMask = 2147483647;
			files = (
			);
			runOnlyForDeploymentPostprocessing = 0;
		};
/* End PBXFrameworksBuildPhase section */

/* Begin PBXGroup section */
		2A2D0F54204550770067926E /* Data Model */ = {
			isa = PBXGroup;
			children = (
				2A2D0F582045912D0067926E /* DataModel.xcdatamodeld */,
			);
			path = "Data Model";
			sourceTree = "<group>";
		};
		2A2D0F552045509E0067926E /* Views */ = {
			isa = PBXGroup;
			children = (
				2AD7A5D52032BA0C00E7134F /* Main.storyboard */,
			);
			path = Views;
			sourceTree = "<group>";
		};
		2A2D0F56204550BB0067926E /* Controllers */ = {
			isa = PBXGroup;
			children = (
				2AE92056205AE9F800E74B1C /* CategoryViewController.swift */,
				2AD7A5D32032BA0C00E7134F /* TodoListViewController.swift */,
			);
			path = Controllers;
			sourceTree = "<group>";
		};
		2A2D0F57204550F40067926E /* Supporting Files */ = {
			isa = PBXGroup;
			children = (
				2AD7A5D82032BA0C00E7134F /* Assets.xcassets */,
				2AD7A5DA2032BA0C00E7134F /* LaunchScreen.storyboard */,
			);
			path = "Supporting Files";
			sourceTree = "<group>";
		};
		2AD7A5C52032BA0C00E7134F = {
			isa = PBXGroup;
			children = (
				2AD7A5D02032BA0C00E7134F /* Todoey */,
				2AD7A5CF2032BA0C00E7134F /* Products */,
			);
			sourceTree = "<group>";
		};
		2AD7A5CF2032BA0C00E7134F /* Products */ = {
			isa = PBXGroup;
			children = (
				2AD7A5CE2032BA0C00E7134F /* Todoey.app */,
			);
			name = Products;
			sourceTree = "<group>";
		};
		2AD7A5D02032BA0C00E7134F /* Todoey */ = {
			isa = PBXGroup;
			children = (
				2AD7A5D12032BA0C00E7134F /* AppDelegate.swift */,
				2A2D0F56204550BB0067926E /* Controllers */,
				2A2D0F54204550770067926E /* Data Model */,
				2A2D0F552045509E0067926E /* Views */,
				2A2D0F57204550F40067926E /* Supporting Files */,
				2AD7A5DD2032BA0C00E7134F /* Info.plist */,
			);
			path = Todoey;
			sourceTree = "<group>";
		};
/* End PBXGroup section */

/* Begin PBXNativeTarget section */
		2AD7A5CD2032BA0C00E7134F /* Todoey */ = {
			isa = PBXNativeTarget;
			buildConfigurationList = 2AD7A5E02032BA0C00E7134F /* Build configuration list for PBXNativeTarget "Todoey" */;
			buildPhases = (
				2AD7A5CA2032BA0C00E7134F /* Sources */,
				2AD7A5CB2032BA0C00E7134F /* Frameworks */,
				2AD7A5CC2032BA0C00E7134F /* Resources */,
			);
			buildRules = (
			);
			dependencies = (
			);
			name = Todoey;
			productName = Todoey;
			productReference = 2AD7A5CE2032BA0C00E7134F /* Todoey.app */;
			productType = "com.apple.product-type.application";
		};
/* End PBXNativeTarget section */

/* Begin PBXProject section */
		2AD7A5C62032BA0C00E7134F /* Project object */ = {
			isa = PBXProject;
			attributes = {
				LastSwiftUpdateCheck = 0920;
				LastUpgradeCheck = 0920;
				ORGANIZATIONNAME = "Roland Dumitrache";
				TargetAttributes = {
					2AD7A5CD2032BA0C00E7134F = {
						CreatedOnToolsVersion = 9.2;
						ProvisioningStyle = Automatic;
					};
				};
			};
			buildConfigurationList = 2AD7A5C92032BA0C00E7134F /* Build configuration list for PBXProject "Todoey" */;
			compatibilityVersion = "Xcode 8.0";
			developmentRegion = en;
			hasScannedForEncodings = 0;
			knownRegions = (
				en,
				Base,
			);
			mainGroup = 2AD7A5C52032BA0C00E7134F;
			productRefGroup = 2AD7A5CF2032BA0C00E7134F /* Products */;
			projectDirPath = "";
			projectRoot = "";
			targets = (
				2AD7A5CD2032BA0C00E7134F /* Todoey */,
			);
		};
/* End PBXProject section */

/* Begin PBXResourcesBuildPhase section */
		2AD7A5CC2032BA0C00E7134F /* Resources */ = {
			isa = PBXResourcesBuildPhase;
			buildActionMask = 2147483647;
			files = (
				2AD7A5DC2032BA0C00E7134F /* LaunchScreen.storyboard in Resources */,
				2AD7A5D92032BA0C00E7134F /* Assets.xcassets in Resources */,
				2AD7A5D72032BA0C00E7134F /* Main.storyboard in Resources */,
			);
			runOnlyForDeploymentPostprocessing = 0;
		};
/* End PBXResourcesBuildPhase section */

/* Begin PBXSourcesBuildPhase section */
		2AD7A5CA2032BA0C00E7134F /* Sources */ = {
			isa = PBXSourcesBuildPhase;
			buildActionMask = 2147483647;
			files = (
				2AE92057205AE9F800E74B1C /* CategoryViewController.swift in Sources */,
				2AD7A5D42032BA0C00E7134F /* TodoListViewController.swift in Sources */,
				2A2D0F5A2045912D0067926E /* DataModel.xcdatamodeld in Sources */,
				2AD7A5D22032BA0C00E7134F /* AppDelegate.swift in Sources */,
			);
			runOnlyForDeploymentPostprocessing = 0;
		};
/* End PBXSourcesBuildPhase section */

/* Begin PBXVariantGroup section */
		2AD7A5D52032BA0C00E7134F /* Main.storyboard */ = {
			isa = PBXVariantGroup;
			children = (
				2AD7A5D62032BA0C00E7134F /* Base */,
			);
			name = Main.storyboard;
			sourceTree = "<group>";
		};
		2AD7A5DA2032BA0C00E7134F /* LaunchScreen.storyboard */ = {
			isa = PBXVariantGroup;
			children = (
				2AD7A5DB2032BA0C00E7134F /* Base */,
			);
			name = LaunchScreen.storyboard;
			sourceTree = "<group>";
		};
/* End PBXVariantGroup section */

/* Begin XCBuildConfiguration section */
		2AD7A5DE2032BA0C00E7134F /* Debug */ = {
			isa = XCBuildConfiguration;
			buildSettings = {
				ALWAYS_SEARCH_USER_PATHS = NO;
				CLANG_ANALYZER_NONNULL = YES;
				CLANG_ANALYZER_NUMBER_OBJECT_CONVERSION = YES_AGGRESSIVE;
				CLANG_CXX_LANGUAGE_STANDARD = "gnu++14";
				CLANG_CXX_LIBRARY = "libc++";
				CLANG_ENABLE_MODULES = YES;
				CLANG_ENABLE_OBJC_ARC = YES;
				CLANG_WARN_BLOCK_CAPTURE_AUTORELEASING = YES;
				CLANG_WARN_BOOL_CONVERSION = YES;
				CLANG_WARN_COMMA = YES;
				CLANG_WARN_CONSTANT_CONVERSION = YES;
				CLANG_WARN_DIRECT_OBJC_ISA_USAGE = YES_ERROR;
				CLANG_WARN_DOCUMENTATION_COMMENTS = YES;
				CLANG_WARN_EMPTY_BODY = YES;
				CLANG_WARN_ENUM_CONVERSION = YES;
				CLANG_WARN_INFINITE_RECURSION = YES;
				CLANG_WARN_INT_CONVERSION = YES;
				CLANG_WARN_NON_LITERAL_NULL_CONVERSION = YES;
				CLANG_WARN_OBJC_LITERAL_CONVERSION = YES;
				CLANG_WARN_OBJC_ROOT_CLASS = YES_ERROR;
				CLANG_WARN_RANGE_LOOP_ANALYSIS = YES;
				CLANG_WARN_STRICT_PROTOTYPES = YES;
				CLANG_WARN_SUSPICIOUS_MOVE = YES;
				CLANG_WARN_UNGUARDED_AVAILABILITY = YES_AGGRESSIVE;
				CLANG_WARN_UNREACHABLE_CODE = YES;
				CLANG_WARN__DUPLICATE_METHOD_MATCH = YES;
				CODE_SIGN_IDENTITY = "iPhone Developer";
				COPY_PHASE_STRIP = NO;
				DEBUG_INFORMATION_FORMAT = dwarf;
				ENABLE_STRICT_OBJC_MSGSEND = YES;
				ENABLE_TESTABILITY = YES;
				GCC_C_LANGUAGE_STANDARD = gnu11;
				GCC_DYNAMIC_NO_PIC = NO;
				GCC_NO_COMMON_BLOCKS = YES;
				GCC_OPTIMIZATION_LEVEL = 0;
				GCC_PREPROCESSOR_DEFINITIONS = (
					"DEBUG=1",
					"$(inherited)",
				);
				GCC_WARN_64_TO_32_BIT_CONVERSION = YES;
				GCC_WARN_ABOUT_RETURN_TYPE = YES_ERROR;
				GCC_WARN_UNDECLARED_SELECTOR = YES;
				GCC_WARN_UNINITIALIZED_AUTOS = YES_AGGRESSIVE;
				GCC_WARN_UNUSED_FUNCTION = YES;
				GCC_WARN_UNUSED_VARIABLE = YES;
				IPHONEOS_DEPLOYMENT_TARGET = 11.2;
				MTL_ENABLE_DEBUG_INFO = YES;
				ONLY_ACTIVE_ARCH = YES;
				SDKROOT = iphoneos;
				SWIFT_ACTIVE_COMPILATION_CONDITIONS = DEBUG;
				SWIFT_OPTIMIZATION_LEVEL = "-Onone";
			};
			name = Debug;
		};
		2AD7A5DF2032BA0C00E7134F /* Release */ = {
			isa = XCBuildConfiguration;
			buildSettings = {
				ALWAYS_SEARCH_USER_PATHS = NO;
				CLANG_ANALYZER_NONNULL = YES;
				CLANG_ANALYZER_NUMBER_OBJECT_CONVERSION = YES_AGGRESSIVE;
				CLANG_CXX_LANGUAGE_STANDARD = "gnu++14";
				CLANG_CXX_LIBRARY = "libc++";
				CLANG_ENABLE_MODULES = YES;
				CLANG_ENABLE_OBJC_ARC = YES;
				CLANG_WARN_BLOCK_CAPTURE_AUTORELEASING = YES;
				CLANG_WARN_BOOL_CONVERSION = YES;
				CLANG_WARN_COMMA = YES;
				CLANG_WARN_CONSTANT_CONVERSION = YES;
				CLANG_WARN_DIRECT_OBJC_ISA_USAGE = YES_ERROR;
				CLANG_WARN_DOCUMENTATION_COMMENTS = YES;
				CLANG_WARN_EMPTY_BODY = YES;
				CLANG_WARN_ENUM_CONVERSION = YES;
				CLANG_WARN_INFINITE_RECURSION = YES;
				CLANG_WARN_INT_CONVERSION = YES;
				CLANG_WARN_NON_LITERAL_NULL_CONVERSION = YES;
				CLANG_WARN_OBJC_LITERAL_CONVERSION = YES;
				CLANG_WARN_OBJC_ROOT_CLASS = YES_ERROR;
				CLANG_WARN_RANGE_LOOP_ANALYSIS = YES;
				CLANG_WARN_STRICT_PROTOTYPES = YES;
				CLANG_WARN_SUSPICIOUS_MOVE = YES;
				CLANG_WARN_UNGUARDED_AVAILABILITY = YES_AGGRESSIVE;
				CLANG_WARN_UNREACHABLE_CODE = YES;
				CLANG_WARN__DUPLICATE_METHOD_MATCH = YES;
				CODE_SIGN_IDENTITY = "iPhone Developer";
				COPY_PHASE_STRIP = NO;
				DEBUG_INFORMATION_FORMAT = "dwarf-with-dsym";
				ENABLE_NS_ASSERTIONS = NO;
				ENABLE_STRICT_OBJC_MSGSEND = YES;
				GCC_C_LANGUAGE_STANDARD = gnu11;
				GCC_NO_COMMON_BLOCKS = YES;
				GCC_WARN_64_TO_32_BIT_CONVERSION = YES;
				GCC_WARN_ABOUT_RETURN_TYPE = YES_ERROR;
				GCC_WARN_UNDECLARED_SELECTOR = YES;
				GCC_WARN_UNINITIALIZED_AUTOS = YES_AGGRESSIVE;
				GCC_WARN_UNUSED_FUNCTION = YES;
				GCC_WARN_UNUSED_VARIABLE = YES;
				IPHONEOS_DEPLOYMENT_TARGET = 11.2;
				MTL_ENABLE_DEBUG_INFO = NO;
				SDKROOT = iphoneos;
				SWIFT_OPTIMIZATION_LEVEL = "-Owholemodule";
				VALIDATE_PRODUCT = YES;
			};
			name = Release;
		};
		2AD7A5E12032BA0C00E7134F /* Debug */ = {
			isa = XCBuildConfiguration;
			buildSettings = {
				ASSETCATALOG_COMPILER_APPICON_NAME = AppIcon;
				CODE_SIGN_STYLE = Automatic;
				DEVELOPMENT_TEAM = 2ZC5CZBVH7;
				INFOPLIST_FILE = Todoey/Info.plist;
				LD_RUNPATH_SEARCH_PATHS = "$(inherited) @executable_path/Frameworks";
				PRODUCT_BUNDLE_IDENTIFIER = com.thepersistentpaul.Todoey;
				PRODUCT_NAME = "$(TARGET_NAME)";
				SWIFT_VERSION = 4.0;
				TARGETED_DEVICE_FAMILY = "1,2";
			};
			name = Debug;
		};
		2AD7A5E22032BA0C00E7134F /* Release */ = {
			isa = XCBuildConfiguration;
			buildSettings = {
				ASSETCATALOG_COMPILER_APPICON_NAME = AppIcon;
				CODE_SIGN_STYLE = Automatic;
				DEVELOPMENT_TEAM = 2ZC5CZBVH7;
				INFOPLIST_FILE = Todoey/Info.plist;
				LD_RUNPATH_SEARCH_PATHS = "$(inherited) @executable_path/Frameworks";
				PRODUCT_BUNDLE_IDENTIFIER = com.thepersistentpaul.Todoey;
				PRODUCT_NAME = "$(TARGET_NAME)";
				SWIFT_VERSION = 4.0;
				TARGETED_DEVICE_FAMILY = "1,2";
			};
			name = Release;
		};
/* End XCBuildConfiguration section */

/* Begin XCConfigurationList section */
		2AD7A5C92032BA0C00E7134F /* Build configuration list for PBXProject "Todoey" */ = {
			isa = XCConfigurationList;
			buildConfigurations = (
				2AD7A5DE2032BA0C00E7134F /* Debug */,
				2AD7A5DF2032BA0C00E7134F /* Release */,
			);
			defaultConfigurationIsVisible = 0;
			defaultConfigurationName = Release;
		};
		2AD7A5E02032BA0C00E7134F /* Build configuration list for PBXNativeTarget "Todoey" */ = {
			isa = XCConfigurationList;
			buildConfigurations = (
				2AD7A5E12032BA0C00E7134F /* Debug */,
				2AD7A5E22032BA0C00E7134F /* Release */,
			);
			defaultConfigurationIsVisible = 0;
			defaultConfigurationName = Release;
		};
/* End XCConfigurationList section */

/* Begin XCVersionGroup section */
		2A2D0F582045912D0067926E /* DataModel.xcdatamodeld */ = {
			isa = XCVersionGroup;
			children = (
				2A2D0F592045912D0067926E /* DataModel.xcdatamodel */,
			);
			currentVersion = 2A2D0F592045912D0067926E /* DataModel.xcdatamodel */;
			path = DataModel.xcdatamodeld;
			sourceTree = "<group>";
			versionGroupType = wrapper.xcdatamodel;
		};
/* End XCVersionGroup section */
	};
	rootObject = 2AD7A5C62032BA0C00E7134F /* Project object */;
}
